# This file is automatically @generated by Cargo.
# It is not intended for manual editing.
[[package]]
name = "os"
version = "0.1.0"
dependencies = [
 "spin",
]

[[package]]
name = "spin"
version = "0.3.5"
source = "registry+https://github.com/rust-lang/crates.io-index"
checksum = "26a697d0d28d9c7f3c36b21273b4599e63237bbcae98c4eeef4d2cca12f02792"
